// !$*UTF8*$!
{
	archiveVersion = 1;
	classes = {
	};
	objectVersion = 50;
	objects = {

/* Begin PBXBuildFile section */
		04530DD22BBBCD3500CF006C /* Assets.xcassets in Resources */ = {isa = PBXBuildFile; fileRef = 04530DD12BBBCD3500CF006C /* Assets.xcassets */; };
		04530DE52BBBCEAC00CF006C /* SDL2_image.framework in Frameworks */ = {isa = PBXBuildFile; fileRef = 04530DE42BBBCEAC00CF006C /* SDL2_image.framework */; };
		04530DE72BBBCEAE00CF006C /* SDL2_mixer.framework in Frameworks */ = {isa = PBXBuildFile; fileRef = 04530DE62BBBCEAE00CF006C /* SDL2_mixer.framework */; };
		04530DE92BBBCEB000CF006C /* SDL2_net.framework in Frameworks */ = {isa = PBXBuildFile; fileRef = 04530DE82BBBCEB000CF006C /* SDL2_net.framework */; };
		04530DEB2BBBCEB200CF006C /* SDL2_ttf.framework in Frameworks */ = {isa = PBXBuildFile; fileRef = 04530DEA2BBBCEB200CF006C /* SDL2_ttf.framework */; };
		04530DED2BBBCEB400CF006C /* SDL2.framework in Frameworks */ = {isa = PBXBuildFile; fileRef = 04530DEC2BBBCEB400CF006C /* SDL2.framework */; };
		04530DF02BBBCF2100CF006C /* main.cpp in Sources */ = {isa = PBXBuildFile; fileRef = 04530DEF2BBBCF2100CF006C /* main.cpp */; };
		04530DFD2BBBD6F800CF006C /* yellow_circle.png in Resources */ = {isa = PBXBuildFile; fileRef = 04530DFC2BBBD6F800CF006C /* yellow_circle.png */; };
		04530E052BBBE78700CF006C /* Simple Shapes in Resources */ = {isa = PBXBuildFile; fileRef = 04530E042BBBE78700CF006C /* Simple Shapes */; };
/* End PBXBuildFile section */

/* Begin PBXFileReference section */
		042044832BBC258900C205FB /* components.h */ = {isa = PBXFileReference; lastKnownFileType = sourcecode.c.h; path = components.h; sourceTree = "<group>"; };
		042044E52BBCE71700C205FB /* keyboardController.hpp */ = {isa = PBXFileReference; lastKnownFileType = sourcecode.cpp.h; path = keyboardController.hpp; sourceTree = "<group>"; };
		042044E92BBCE8EC00C205FB /* transform.hpp */ = {isa = PBXFileReference; lastKnownFileType = sourcecode.cpp.h; path = transform.hpp; sourceTree = "<group>"; };
		042044F12BBD1A7C00C205FB /* game.cpp */ = {isa = PBXFileReference; lastKnownFileType = sourcecode.cpp.cpp; path = game.cpp; sourceTree = "<group>"; };
		042044F22BBD1A7C00C205FB /* game.hpp */ = {isa = PBXFileReference; lastKnownFileType = sourcecode.cpp.h; path = game.hpp; sourceTree = "<group>"; };
		042044F62BBD2EC400C205FB /* player.cpp */ = {isa = PBXFileReference; lastKnownFileType = sourcecode.cpp.cpp; path = player.cpp; sourceTree = "<group>"; };
		042044F72BBD2EC400C205FB /* player.hpp */ = {isa = PBXFileReference; lastKnownFileType = sourcecode.cpp.h; path = player.hpp; sourceTree = "<group>"; };
		0432AF8C2BD8146D00FC01AC /* enemyAI.cpp */ = {isa = PBXFileReference; lastKnownFileType = sourcecode.cpp.cpp; path = enemyAI.cpp; sourceTree = "<group>"; };
		0432AF8D2BD8146D00FC01AC /* enemyAI.hpp */ = {isa = PBXFileReference; lastKnownFileType = sourcecode.cpp.h; path = enemyAI.hpp; sourceTree = "<group>"; };
		04530DCB2BBBCD3400CF006C /* GameOfShapes.app */ = {isa = PBXFileReference; explicitFileType = wrapper.application; includeInIndex = 0; path = GameOfShapes.app; sourceTree = BUILT_PRODUCTS_DIR; };
		04530DD12BBBCD3500CF006C /* Assets.xcassets */ = {isa = PBXFileReference; lastKnownFileType = folder.assetcatalog; path = Assets.xcassets; sourceTree = "<group>"; };
		04530DD62BBBCD3500CF006C /* Info.plist */ = {isa = PBXFileReference; lastKnownFileType = text.plist.xml; path = Info.plist; sourceTree = "<group>"; };
		04530DD92BBBCD3500CF006C /* GameOfShapes.entitlements */ = {isa = PBXFileReference; lastKnownFileType = text.plist.entitlements; path = GameOfShapes.entitlements; sourceTree = "<group>"; };
		04530DE42BBBCEAC00CF006C /* SDL2_image.framework */ = {isa = PBXFileReference; lastKnownFileType = wrapper.framework; name = SDL2_image.framework; path = ../../../../../../../../Library/Frameworks/SDL2_image.framework; sourceTree = "<group>"; };
		04530DE62BBBCEAE00CF006C /* SDL2_mixer.framework */ = {isa = PBXFileReference; lastKnownFileType = wrapper.framework; name = SDL2_mixer.framework; path = ../../../../../../../../Library/Frameworks/SDL2_mixer.framework; sourceTree = "<group>"; };
		04530DE82BBBCEB000CF006C /* SDL2_net.framework */ = {isa = PBXFileReference; lastKnownFileType = wrapper.framework; name = SDL2_net.framework; path = ../../../../../../../../Library/Frameworks/SDL2_net.framework; sourceTree = "<group>"; };
		04530DEA2BBBCEB200CF006C /* SDL2_ttf.framework */ = {isa = PBXFileReference; lastKnownFileType = wrapper.framework; name = SDL2_ttf.framework; path = ../../../../../../../../Library/Frameworks/SDL2_ttf.framework; sourceTree = "<group>"; };
		04530DEC2BBBCEB400CF006C /* SDL2.framework */ = {isa = PBXFileReference; lastKnownFileType = wrapper.framework; name = SDL2.framework; path = ../../../../../../../../Library/Frameworks/SDL2.framework; sourceTree = "<group>"; };
		04530DEF2BBBCF2100CF006C /* main.cpp */ = {isa = PBXFileReference; lastKnownFileType = sourcecode.cpp.cpp; path = main.cpp; sourceTree = "<group>"; };
		04530DF42BBBCF5A00CF006C /* defs.h */ = {isa = PBXFileReference; lastKnownFileType = sourcecode.c.h; path = defs.h; sourceTree = "<group>"; };
		04530DF52BBBCFF600CF006C /* renderWindow.cpp */ = {isa = PBXFileReference; lastKnownFileType = sourcecode.cpp.cpp; path = renderWindow.cpp; sourceTree = "<group>"; };
		04530DF62BBBCFF600CF006C /* renderWindow.hpp */ = {isa = PBXFileReference; lastKnownFileType = sourcecode.cpp.h; path = renderWindow.hpp; sourceTree = "<group>"; };
		04530DFC2BBBD6F800CF006C /* yellow_circle.png */ = {isa = PBXFileReference; lastKnownFileType = image.png; name = yellow_circle.png; path = ../../../../../../../../Volumes/Data/game/yellow_circle.png; sourceTree = "<group>"; };
		04530DFF2BBBDA2400CF006C /* entity.cpp */ = {isa = PBXFileReference; lastKnownFileType = sourcecode.cpp.cpp; path = entity.cpp; sourceTree = "<group>"; };
		04530E002BBBDA2400CF006C /* entity.hpp */ = {isa = PBXFileReference; lastKnownFileType = sourcecode.cpp.h; path = entity.hpp; sourceTree = "<group>"; };
		04530E042BBBE78700CF006C /* Simple Shapes */ = {isa = PBXFileReference; lastKnownFileType = folder; name = "Simple Shapes"; path = "../../../../../../../../Volumes/Data/game/Simple Shapes"; sourceTree = "<group>"; };
		04530E072BBBECC700CF006C /* vector2D.cpp */ = {isa = PBXFileReference; lastKnownFileType = sourcecode.cpp.cpp; path = vector2D.cpp; sourceTree = "<group>"; };
		04530E082BBBECC700CF006C /* vector2D.hpp */ = {isa = PBXFileReference; lastKnownFileType = sourcecode.cpp.h; path = vector2D.hpp; sourceTree = "<group>"; };
		0461F6492BD0C118004E6F42 /* bullet.cpp */ = {isa = PBXFileReference; lastKnownFileType = sourcecode.cpp.cpp; path = bullet.cpp; sourceTree = "<group>"; };
		0461F64A2BD0C118004E6F42 /* bullet.hpp */ = {isa = PBXFileReference; lastKnownFileType = sourcecode.cpp.h; path = bullet.hpp; sourceTree = "<group>"; };
		04670F192BCBDC4A00E9FD67 /* map.cpp */ = {isa = PBXFileReference; lastKnownFileType = sourcecode.cpp.cpp; path = map.cpp; sourceTree = "<group>"; };
		04670F1A2BCBDC4A00E9FD67 /* map.hpp */ = {isa = PBXFileReference; lastKnownFileType = sourcecode.cpp.h; path = map.hpp; sourceTree = "<group>"; };
		04670F1D2BCBDC5900E9FD67 /* mouse.cpp */ = {isa = PBXFileReference; lastKnownFileType = sourcecode.cpp.cpp; path = mouse.cpp; sourceTree = "<group>"; };
		04670F1E2BCBDC5900E9FD67 /* mouse.hpp */ = {isa = PBXFileReference; lastKnownFileType = sourcecode.cpp.h; path = mouse.hpp; sourceTree = "<group>"; };
		048B10082BCAB440006108F1 /* menu.cpp */ = {isa = PBXFileReference; lastKnownFileType = sourcecode.cpp.cpp; path = menu.cpp; sourceTree = "<group>"; };
		048B10092BCAB440006108F1 /* menu.hpp */ = {isa = PBXFileReference; lastKnownFileType = sourcecode.cpp.h; path = menu.hpp; sourceTree = "<group>"; };
		048B100D2BCAEB5E006108F1 /* timer.cpp */ = {isa = PBXFileReference; lastKnownFileType = sourcecode.cpp.cpp; path = timer.cpp; sourceTree = "<group>"; };
		048B100E2BCAEB5E006108F1 /* timer.hpp */ = {isa = PBXFileReference; lastKnownFileType = sourcecode.cpp.h; path = timer.hpp; sourceTree = "<group>"; };
		04945EDB2BC9AF7700A40CD2 /* maths.hpp */ = {isa = PBXFileReference; lastKnownFileType = sourcecode.cpp.h; path = maths.hpp; sourceTree = "<group>"; };
		04945EE22BC9C0BC00A40CD2 /* checkCollision.hpp */ = {isa = PBXFileReference; lastKnownFileType = sourcecode.cpp.h; path = checkCollision.hpp; sourceTree = "<group>"; };
		04C2B2782BBF8AAF00273C2D /* enemy.cpp */ = {isa = PBXFileReference; lastKnownFileType = sourcecode.cpp.cpp; path = enemy.cpp; sourceTree = "<group>"; };
		04C2B2792BBF8AAF00273C2D /* enemy.hpp */ = {isa = PBXFileReference; lastKnownFileType = sourcecode.cpp.h; path = enemy.hpp; sourceTree = "<group>"; };
/* End PBXFileReference section */

/* Begin PBXFrameworksBuildPhase section */
		04530DC82BBBCD3400CF006C /* Frameworks */ = {
			isa = PBXFrameworksBuildPhase;
			buildActionMask = 2147483647;
			files = (
				04530DED2BBBCEB400CF006C /* SDL2.framework in Frameworks */,
				04530DEB2BBBCEB200CF006C /* SDL2_ttf.framework in Frameworks */,
				04530DE52BBBCEAC00CF006C /* SDL2_image.framework in Frameworks */,
				04530DE72BBBCEAE00CF006C /* SDL2_mixer.framework in Frameworks */,
				04530DE92BBBCEB000CF006C /* SDL2_net.framework in Frameworks */,
			);
			runOnlyForDeploymentPostprocessing = 0;
		};
/* End PBXFrameworksBuildPhase section */

/* Begin PBXGroup section */
		042044FB2BBD4A1700C205FB /* characters */ = {
			isa = PBXGroup;
			children = (
				042044F62BBD2EC400C205FB /* player.cpp */,
				042044F72BBD2EC400C205FB /* player.hpp */,
				04C2B2782BBF8AAF00273C2D /* enemy.cpp */,
				04C2B2792BBF8AAF00273C2D /* enemy.hpp */,
				0461F6492BD0C118004E6F42 /* bullet.cpp */,
				0461F64A2BD0C118004E6F42 /* bullet.hpp */,
				0432AF8C2BD8146D00FC01AC /* enemyAI.cpp */,
				0432AF8D2BD8146D00FC01AC /* enemyAI.hpp */,
			);
			name = characters;
			sourceTree = "<group>";
		};
		04530DC22BBBCD3400CF006C = {
			isa = PBXGroup;
			children = (
				04530DCD2BBBCD3400CF006C /* GameOfShapes */,
				04530DCC2BBBCD3400CF006C /* Products */,
				04530E042BBBE78700CF006C /* Simple Shapes */,
				04530DFC2BBBD6F800CF006C /* yellow_circle.png */,
				04530DE32BBBCEAC00CF006C /* Frameworks */,
			);
			sourceTree = "<group>";
		};
		04530DCC2BBBCD3400CF006C /* Products */ = {
			isa = PBXGroup;
			children = (
				04530DCB2BBBCD3400CF006C /* GameOfShapes.app */,
			);
			name = Products;
			sourceTree = "<group>";
		};
		04530DCD2BBBCD3400CF006C /* GameOfShapes */ = {
			isa = PBXGroup;
			children = (
				04530DF22BBBCF2F00CF006C /* include */,
				04530DEE2BBBCF1200CF006C /* src */,
				04530DD12BBBCD3500CF006C /* Assets.xcassets */,
				04530DD62BBBCD3500CF006C /* Info.plist */,
				04530DD92BBBCD3500CF006C /* GameOfShapes.entitlements */,
			);
			path = GameOfShapes;
			sourceTree = "<group>";
		};
		04530DE32BBBCEAC00CF006C /* Frameworks */ = {
			isa = PBXGroup;
			children = (
				04530DEC2BBBCEB400CF006C /* SDL2.framework */,
				04530DEA2BBBCEB200CF006C /* SDL2_ttf.framework */,
				04530DE82BBBCEB000CF006C /* SDL2_net.framework */,
				04530DE62BBBCEAE00CF006C /* SDL2_mixer.framework */,
				04530DE42BBBCEAC00CF006C /* SDL2_image.framework */,
			);
			name = Frameworks;
			sourceTree = "<group>";
		};
		04530DEE2BBBCF1200CF006C /* src */ = {
			isa = PBXGroup;
			children = (
				04A416352BC12E5400443BF1 /* vector */,
				04A416362BC12E7200443BF1 /* entity */,
				04530DEF2BBBCF2100CF006C /* main.cpp */,
				042044F12BBD1A7C00C205FB /* game.cpp */,
				042044F22BBD1A7C00C205FB /* game.hpp */,
				042044FB2BBD4A1700C205FB /* characters */,
				048B10082BCAB440006108F1 /* menu.cpp */,
				048B10092BCAB440006108F1 /* menu.hpp */,
				048B100D2BCAEB5E006108F1 /* timer.cpp */,
				048B100E2BCAEB5E006108F1 /* timer.hpp */,
				04670F192BCBDC4A00E9FD67 /* map.cpp */,
				04670F1A2BCBDC4A00E9FD67 /* map.hpp */,
				04670F1D2BCBDC5900E9FD67 /* mouse.cpp */,
				04670F1E2BCBDC5900E9FD67 /* mouse.hpp */,
			);
			name = src;
			sourceTree = "<group>";
		};
		04530DF22BBBCF2F00CF006C /* include */ = {
			isa = PBXGroup;
			children = (
				04530DF42BBBCF5A00CF006C /* defs.h */,
				042044832BBC258900C205FB /* components.h */,
			);
			name = include;
			sourceTree = "<group>";
		};
		04A416352BC12E5400443BF1 /* vector */ = {
			isa = PBXGroup;
			children = (
				04530E082BBBECC700CF006C /* vector2D.hpp */,
				04530E072BBBECC700CF006C /* vector2D.cpp */,
				04945EDB2BC9AF7700A40CD2 /* maths.hpp */,
			);
			name = vector;
			sourceTree = "<group>";
		};
		04A416362BC12E7200443BF1 /* entity */ = {
			isa = PBXGroup;
			children = (
				04530DFF2BBBDA2400CF006C /* entity.cpp */,
				04530E002BBBDA2400CF006C /* entity.hpp */,
				04945EE22BC9C0BC00A40CD2 /* checkCollision.hpp */,
				042044E52BBCE71700C205FB /* keyboardController.hpp */,
				042044E92BBCE8EC00C205FB /* transform.hpp */,
				04530DF52BBBCFF600CF006C /* renderWindow.cpp */,
				04530DF62BBBCFF600CF006C /* renderWindow.hpp */,
			);
			name = entity;
			sourceTree = "<group>";
		};
/* End PBXGroup section */

/* Begin PBXNativeTarget section */
		04530DCA2BBBCD3400CF006C /* GameOfShapes */ = {
			isa = PBXNativeTarget;
			buildConfigurationList = 04530DDC2BBBCD3500CF006C /* Build configuration list for PBXNativeTarget "GameOfShapes" */;
			buildPhases = (
				04530DC72BBBCD3400CF006C /* Sources */,
				04530DC82BBBCD3400CF006C /* Frameworks */,
				04530DC92BBBCD3400CF006C /* Resources */,
			);
			buildRules = (
			);
			dependencies = (
			);
			name = GameOfShapes;
			productName = GameOfShapes;
			productReference = 04530DCB2BBBCD3400CF006C /* GameOfShapes.app */;
			productType = "com.apple.product-type.application";
		};
/* End PBXNativeTarget section */

/* Begin PBXProject section */
		04530DC32BBBCD3400CF006C /* Project object */ = {
			isa = PBXProject;
			attributes = {
				LastUpgradeCheck = 1200;
				TargetAttributes = {
					04530DCA2BBBCD3400CF006C = {
						CreatedOnToolsVersion = 12.0.1;
					};
				};
			};
			buildConfigurationList = 04530DC62BBBCD3400CF006C /* Build configuration list for PBXProject "GameOfShapes" */;
			compatibilityVersion = "Xcode 9.3";
			developmentRegion = en;
			hasScannedForEncodings = 0;
			knownRegions = (
				en,
				Base,
			);
			mainGroup = 04530DC22BBBCD3400CF006C;
			productRefGroup = 04530DCC2BBBCD3400CF006C /* Products */;
			projectDirPath = "";
			projectRoot = "";
			targets = (
				04530DCA2BBBCD3400CF006C /* GameOfShapes */,
			);
		};
/* End PBXProject section */

/* Begin PBXResourcesBuildPhase section */
		04530DC92BBBCD3400CF006C /* Resources */ = {
			isa = PBXResourcesBuildPhase;
			buildActionMask = 2147483647;
			files = (
				04530DD22BBBCD3500CF006C /* Assets.xcassets in Resources */,
				04530DFD2BBBD6F800CF006C /* yellow_circle.png in Resources */,
				04530E052BBBE78700CF006C /* Simple Shapes in Resources */,
			);
			runOnlyForDeploymentPostprocessing = 0;
		};
/* End PBXResourcesBuildPhase section */

/* Begin PBXSourcesBuildPhase section */
		04530DC72BBBCD3400CF006C /* Sources */ = {
			isa = PBXSourcesBuildPhase;
			buildActionMask = 2147483647;
			files = (
				04530DF02BBBCF2100CF006C /* main.cpp in Sources */,
			);
			runOnlyForDeploymentPostprocessing = 0;
		};
/* End PBXSourcesBuildPhase section */

/* Begin XCBuildConfiguration section */
		04530DDA2BBBCD3500CF006C /* Debug */ = {
			isa = XCBuildConfiguration;
			buildSettings = {
				ALWAYS_SEARCH_USER_PATHS = NO;
				CLANG_ANALYZER_NONNULL = YES;
				CLANG_ANALYZER_NUMBER_OBJECT_CONVERSION = YES_AGGRESSIVE;
				CLANG_CXX_LANGUAGE_STANDARD = "gnu++14";
				CLANG_CXX_LIBRARY = "libc++";
				CLANG_ENABLE_MODULES = YES;
				CLANG_ENABLE_OBJC_ARC = YES;
				CLANG_ENABLE_OBJC_WEAK = YES;
				CLANG_WARN_BLOCK_CAPTURE_AUTORELEASING = YES;
				CLANG_WARN_BOOL_CONVERSION = YES;
				CLANG_WARN_COMMA = YES;
				CLANG_WARN_CONSTANT_CONVERSION = YES;
				CLANG_WARN_DEPRECATED_OBJC_IMPLEMENTATIONS = YES;
				CLANG_WARN_DIRECT_OBJC_ISA_USAGE = YES_ERROR;
				CLANG_WARN_DOCUMENTATION_COMMENTS = YES;
				CLANG_WARN_EMPTY_BODY = YES;
				CLANG_WARN_ENUM_CONVERSION = YES;
				CLANG_WARN_INFINITE_RECURSION = YES;
				CLANG_WARN_INT_CONVERSION = YES;
				CLANG_WARN_NON_LITERAL_NULL_CONVERSION = YES;
				CLANG_WARN_OBJC_IMPLICIT_RETAIN_SELF = YES;
				CLANG_WARN_OBJC_LITERAL_CONVERSION = YES;
				CLANG_WARN_OBJC_ROOT_CLASS = YES_ERROR;
				CLANG_WARN_QUOTED_INCLUDE_IN_FRAMEWORK_HEADER = YES;
				CLANG_WARN_RANGE_LOOP_ANALYSIS = YES;
				CLANG_WARN_STRICT_PROTOTYPES = YES;
				CLANG_WARN_SUSPICIOUS_MOVE = YES;
				CLANG_WARN_UNGUARDED_AVAILABILITY = YES_AGGRESSIVE;
				CLANG_WARN_UNREACHABLE_CODE = YES;
				CLANG_WARN__DUPLICATE_METHOD_MATCH = YES;
				COPY_PHASE_STRIP = NO;
				DEBUG_INFORMATION_FORMAT = dwarf;
				ENABLE_STRICT_OBJC_MSGSEND = YES;
				ENABLE_TESTABILITY = YES;
				GCC_C_LANGUAGE_STANDARD = gnu11;
				GCC_DYNAMIC_NO_PIC = NO;
				GCC_NO_COMMON_BLOCKS = YES;
				GCC_OPTIMIZATION_LEVEL = 0;
				GCC_PREPROCESSOR_DEFINITIONS = (
					"DEBUG=1",
					"$(inherited)",
				);
				GCC_WARN_64_TO_32_BIT_CONVERSION = YES;
				GCC_WARN_ABOUT_RETURN_TYPE = YES_ERROR;
				GCC_WARN_UNDECLARED_SELECTOR = YES;
				GCC_WARN_UNINITIALIZED_AUTOS = YES_AGGRESSIVE;
				GCC_WARN_UNUSED_FUNCTION = YES;
				GCC_WARN_UNUSED_VARIABLE = YES;
				MACOSX_DEPLOYMENT_TARGET = 10.15;
				MTL_ENABLE_DEBUG_INFO = INCLUDE_SOURCE;
				MTL_FAST_MATH = YES;
				ONLY_ACTIVE_ARCH = YES;
				SDKROOT = macosx;
			};
			name = Debug;
		};
		04530DDB2BBBCD3500CF006C /* Release */ = {
			isa = XCBuildConfiguration;
			buildSettings = {
				ALWAYS_SEARCH_USER_PATHS = NO;
				CLANG_ANALYZER_NONNULL = YES;
				CLANG_ANALYZER_NUMBER_OBJECT_CONVERSION = YES_AGGRESSIVE;
				CLANG_CXX_LANGUAGE_STANDARD = "gnu++14";
				CLANG_CXX_LIBRARY = "libc++";
				CLANG_ENABLE_MODULES = YES;
				CLANG_ENABLE_OBJC_ARC = YES;
				CLANG_ENABLE_OBJC_WEAK = YES;
				CLANG_WARN_BLOCK_CAPTURE_AUTORELEASING = YES;
				CLANG_WARN_BOOL_CONVERSION = YES;
				CLANG_WARN_COMMA = YES;
				CLANG_WARN_CONSTANT_CONVERSION = YES;
				CLANG_WARN_DEPRECATED_OBJC_IMPLEMENTATIONS = YES;
				CLANG_WARN_DIRECT_OBJC_ISA_USAGE = YES_ERROR;
				CLANG_WARN_DOCUMENTATION_COMMENTS = YES;
				CLANG_WARN_EMPTY_BODY = YES;
				CLANG_WARN_ENUM_CONVERSION = YES;
				CLANG_WARN_INFINITE_RECURSION = YES;
				CLANG_WARN_INT_CONVERSION = YES;
				CLANG_WARN_NON_LITERAL_NULL_CONVERSION = YES;
				CLANG_WARN_OBJC_IMPLICIT_RETAIN_SELF = YES;
				CLANG_WARN_OBJC_LITERAL_CONVERSION = YES;
				CLANG_WARN_OBJC_ROOT_CLASS = YES_ERROR;
				CLANG_WARN_QUOTED_INCLUDE_IN_FRAMEWORK_HEADER = YES;
				CLANG_WARN_RANGE_LOOP_ANALYSIS = YES;
				CLANG_WARN_STRICT_PROTOTYPES = YES;
				CLANG_WARN_SUSPICIOUS_MOVE = YES;
				CLANG_WARN_UNGUARDED_AVAILABILITY = YES_AGGRESSIVE;
				CLANG_WARN_UNREACHABLE_CODE = YES;
				CLANG_WARN__DUPLICATE_METHOD_MATCH = YES;
				COPY_PHASE_STRIP = NO;
				DEBUG_INFORMATION_FORMAT = "dwarf-with-dsym";
				ENABLE_NS_ASSERTIONS = NO;
				ENABLE_STRICT_OBJC_MSGSEND = YES;
				GCC_C_LANGUAGE_STANDARD = gnu11;
				GCC_NO_COMMON_BLOCKS = YES;
				GCC_WARN_64_TO_32_BIT_CONVERSION = YES;
				GCC_WARN_ABOUT_RETURN_TYPE = YES_ERROR;
				GCC_WARN_UNDECLARED_SELECTOR = YES;
				GCC_WARN_UNINITIALIZED_AUTOS = YES_AGGRESSIVE;
				GCC_WARN_UNUSED_FUNCTION = YES;
				GCC_WARN_UNUSED_VARIABLE = YES;
				MACOSX_DEPLOYMENT_TARGET = 10.15;
				MTL_ENABLE_DEBUG_INFO = NO;
				MTL_FAST_MATH = YES;
				SDKROOT = macosx;
			};
			name = Release;
		};
		04530DDD2BBBCD3500CF006C /* Debug */ = {
			isa = XCBuildConfiguration;
			buildSettings = {
				ASSETCATALOG_COMPILER_APPICON_NAME = AppIcon;
				ASSETCATALOG_COMPILER_GLOBAL_ACCENT_COLOR_NAME = AccentColor;
				CODE_SIGN_ENTITLEMENTS = GameOfShapes/GameOfShapes.entitlements;
				CODE_SIGN_STYLE = Automatic;
				COMBINE_HIDPI_IMAGES = YES;
				DEVELOPMENT_TEAM = M57UV7C59V;
				ENABLE_HARDENED_RUNTIME = YES;
				FRAMEWORK_SEARCH_PATHS = (
					"$(inherited)",
					"$(LOCAL_LIBRARY_DIR)/Frameworks",
				);
				INFOPLIST_FILE = GameOfShapes/Info.plist;
				LD_RUNPATH_SEARCH_PATHS = (
					"$(inherited)",
					"@executable_path/../Frameworks",
				);
				PRODUCT_BUNDLE_IDENTIFIER = SDL2.GameOfShapes;
				PRODUCT_NAME = "$(TARGET_NAME)";
			};
			name = Debug;
		};
		04530DDE2BBBCD3500CF006C /* Release */ = {
			isa = XCBuildConfiguration;
			buildSettings = {
				ASSETCATALOG_COMPILER_APPICON_NAME = AppIcon;
				ASSETCATALOG_COMPILER_GLOBAL_ACCENT_COLOR_NAME = AccentColor;
				CODE_SIGN_ENTITLEMENTS = GameOfShapes/GameOfShapes.entitlements;
				CODE_SIGN_STYLE = Automatic;
				COMBINE_HIDPI_IMAGES = YES;
				DEVELOPMENT_TEAM = M57UV7C59V;
				ENABLE_HARDENED_RUNTIME = YES;
				FRAMEWORK_SEARCH_PATHS = (
					"$(inherited)",
					"$(LOCAL_LIBRARY_DIR)/Frameworks",
				);
				INFOPLIST_FILE = GameOfShapes/Info.plist;
				LD_RUNPATH_SEARCH_PATHS = (
					"$(inherited)",
					"@executable_path/../Frameworks",
				);
				PRODUCT_BUNDLE_IDENTIFIER = SDL2.GameOfShapes;
				PRODUCT_NAME = "$(TARGET_NAME)";
			};
			name = Release;
		};
/* End XCBuildConfiguration section */

/* Begin XCConfigurationList section */
		04530DC62BBBCD3400CF006C /* Build configuration list for PBXProject "GameOfShapes" */ = {
			isa = XCConfigurationList;
			buildConfigurations = (
				04530DDA2BBBCD3500CF006C /* Debug */,
				04530DDB2BBBCD3500CF006C /* Release */,
			);
			defaultConfigurationIsVisible = 0;
			defaultConfigurationName = Release;
		};
		04530DDC2BBBCD3500CF006C /* Build configuration list for PBXNativeTarget "GameOfShapes" */ = {
			isa = XCConfigurationList;
			buildConfigurations = (
				04530DDD2BBBCD3500CF006C /* Debug */,
				04530DDE2BBBCD3500CF006C /* Release */,
			);
			defaultConfigurationIsVisible = 0;
			defaultConfigurationName = Release;
		};
/* End XCConfigurationList section */
	};
	rootObject = 04530DC32BBBCD3400CF006C /* Project object */;
}
